# This file is generated by running "yarn install" inside your project.
# Manual changes might be lost - proceed with caution!

__metadata:
  version: 6
  cacheKey: 8

"@cspotcode/source-map-support@npm:^0.8.0":
  version: 0.8.1
  resolution: "@cspotcode/source-map-support@npm:0.8.1"
  dependencies:
    "@jridgewell/trace-mapping": 0.3.9
  checksum: 5718f267085ed8edb3e7ef210137241775e607ee18b77d95aa5bd7514f47f5019aa2d82d96b3bf342ef7aa890a346fa1044532ff7cc3009e7d24fce3ce6200fa
  languageName: node
  linkType: hard

"@jridgewell/resolve-uri@npm:^3.0.3":
  version: 3.1.0
  resolution: "@jridgewell/resolve-uri@npm:3.1.0"
  checksum: b5ceaaf9a110fcb2780d1d8f8d4a0bfd216702f31c988d8042e5f8fbe353c55d9b0f55a1733afdc64806f8e79c485d2464680ac48a0d9fcadb9548ee6b81d267
  languageName: node
  linkType: hard

"@jridgewell/sourcemap-codec@npm:^1.4.10":
  version: 1.4.14
  resolution: "@jridgewell/sourcemap-codec@npm:1.4.14"
  checksum: 61100637b6d173d3ba786a5dff019e1a74b1f394f323c1fee337ff390239f053b87266c7a948777f4b1ee68c01a8ad0ab61e5ff4abb5a012a0b091bec391ab97
  languageName: node
  linkType: hard

"@jridgewell/trace-mapping@npm:0.3.9":
  version: 0.3.9
  resolution: "@jridgewell/trace-mapping@npm:0.3.9"
  dependencies:
    "@jridgewell/resolve-uri": ^3.0.3
    "@jridgewell/sourcemap-codec": ^1.4.10
  checksum: d89597752fd88d3f3480845691a05a44bd21faac18e2185b6f436c3b0fd0c5a859fbbd9aaa92050c4052caf325ad3e10e2e1d1b64327517471b7d51babc0ddef
  languageName: node
  linkType: hard

"@leichtgewicht/ip-codec@npm:^2.0.1":
  version: 2.0.4
  resolution: "@leichtgewicht/ip-codec@npm:2.0.4"
  checksum: 468de1f04d33de6d300892683d7c8aecbf96d1e2c5fe084f95f816e50a054d45b7c1ebfb141a1447d844b86a948733f6eebd92234da8581c84a1ad4de2946a2d
  languageName: node
  linkType: hard

"@tsconfig/node10@npm:^1.0.7":
  version: 1.0.9
  resolution: "@tsconfig/node10@npm:1.0.9"
  checksum: a33ae4dc2a621c0678ac8ac4bceb8e512ae75dac65417a2ad9b022d9b5411e863c4c198b6ba9ef659e14b9fb609bbec680841a2e84c1172df7a5ffcf076539df
  languageName: node
  linkType: hard

"@tsconfig/node12@npm:^1.0.7":
  version: 1.0.11
  resolution: "@tsconfig/node12@npm:1.0.11"
  checksum: 5ce29a41b13e7897a58b8e2df11269c5395999e588b9a467386f99d1d26f6c77d1af2719e407621412520ea30517d718d5192a32403b8dfcc163bf33e40a338a
  languageName: node
  linkType: hard

"@tsconfig/node14@npm:^1.0.0":
  version: 1.0.3
  resolution: "@tsconfig/node14@npm:1.0.3"
  checksum: 19275fe80c4c8d0ad0abed6a96dbf00642e88b220b090418609c4376e1cef81bf16237bf170ad1b341452feddb8115d8dd2e5acdfdea1b27422071163dc9ba9d
  languageName: node
  linkType: hard

"@tsconfig/node16@npm:^1.0.2":
  version: 1.0.3
  resolution: "@tsconfig/node16@npm:1.0.3"
  checksum: 3a8b657dd047495b7ad23437d6afd20297ce90380ff0bdee93fc7d39a900dbd8d9e26e53ff6b465e7967ce2adf0b218782590ce9013285121e6a5928fbd6819f
  languageName: node
  linkType: hard

"@types/dns-packet@npm:^5.2.4":
  version: 5.2.4
  resolution: "@types/dns-packet@npm:5.2.4"
  dependencies:
    "@types/node": "*"
  checksum: 45a725a0a633c07f1da19188a5906a51669a37d941752da06404a9bd0e5d551aacce5b6c92c0539f38f2e8bbda46c92560c9ba3ee2ef13761e974933ef888fe1
  languageName: node
  linkType: hard

"@types/keyv@npm:^3.1.1":
  version: 3.1.4
  resolution: "@types/keyv@npm:3.1.4"
  dependencies:
    "@types/node": "*"
  checksum: e009a2bfb50e90ca9b7c6e8f648f8464067271fd99116f881073fa6fa76dc8d0133181dd65e6614d5fb1220d671d67b0124aef7d97dc02d7e342ab143a47779d
  languageName: node
  linkType: hard

"@types/node@npm:*, @types/node@npm:^18.11.18":
  version: 18.11.18
  resolution: "@types/node@npm:18.11.18"
  checksum: 03f17f9480f8d775c8a72da5ea7e9383db5f6d85aa5fefde90dd953a1449bd5e4ffde376f139da4f3744b4c83942166d2a7603969a6f8ea826edfb16e6e3b49d
  languageName: node
  linkType: hard

"@types/responselike@npm:^1.0.0":
  version: 1.0.0
  resolution: "@types/responselike@npm:1.0.0"
  dependencies:
    "@types/node": "*"
  checksum: e99fc7cc6265407987b30deda54c1c24bb1478803faf6037557a774b2f034c5b097ffd65847daa87e82a61a250d919f35c3588654b0fdaa816906650f596d1b0
  languageName: node
  linkType: hard

"acorn-walk@npm:^8.1.1":
  version: 8.2.0
  resolution: "acorn-walk@npm:8.2.0"
  checksum: 1715e76c01dd7b2d4ca472f9c58968516a4899378a63ad5b6c2d668bba8da21a71976c14ec5f5b75f887b6317c4ae0b897ab141c831d741dc76024d8745f1ad1
  languageName: node
  linkType: hard

"acorn@npm:^8.4.1":
  version: 8.8.1
  resolution: "acorn@npm:8.8.1"
  bin:
    acorn: bin/acorn
  checksum: 4079b67283b94935157698831967642f24a075c52ce3feaaaafe095776dfbe15d86a1b33b1e53860fc0d062ed6c83f4284a5c87c85b9ad51853a01173da6097f
  languageName: node
  linkType: hard

"agent-base@npm:6":
  version: 6.0.2
  resolution: "agent-base@npm:6.0.2"
  dependencies:
    debug: 4
  checksum: f52b6872cc96fd5f622071b71ef200e01c7c4c454ee68bc9accca90c98cfb39f2810e3e9aa330435835eedc8c23f4f8a15267f67c6e245d2b33757575bdac49d
  languageName: node
  linkType: hard

"app@workspace:.":
  version: 0.0.0-use.local
  resolution: "app@workspace:."
  dependencies:
    "@types/dns-packet": ^5.2.4
    "@types/node": ^18.11.18
    cloudflare: ^2.9.1
    dns-packet: ^5.4.0
    ip6: ^0.2.10
    ts-node: ^10.9.1
    tsc: ^2.0.4
    typescript: ^4.9.4
    yaml: ^2.2.1
  dependenciesMeta:
    ts-node@10.9.1:
      unplugged: true
  languageName: unknown
  linkType: soft

"arg@npm:^4.1.0":
  version: 4.1.3
  resolution: "arg@npm:4.1.3"
  checksum: 544af8dd3f60546d3e4aff084d451b96961d2267d668670199692f8d054f0415d86fc5497d0e641e91546f0aa920e7c29e5250e99fc89f5552a34b5d93b77f43
  languageName: node
  linkType: hard

"autocreate@npm:^1.1.0":
  version: 1.2.0
  resolution: "autocreate@npm:1.2.0"
  checksum: 25cf654b67ed805f5c2af344acd0b4f02bcd6466606a4dd32b7bd142723719cb7555f33d3739b641596ebf091654bc6b0d03e4d822b462435a12bba9cd9388cb
  languageName: node
  linkType: hard

"capture-stack-trace@npm:^1.0.0":
  version: 1.0.2
  resolution: "capture-stack-trace@npm:1.0.2"
  checksum: 13295e8176e8de74bcbe0e4fd938bed9eb4204b4cc200210ff46df91cb20b69e86f6ef42f408a59454f8b62e567ef0ee6ee5b5e7e16e686668bc77f2741542b4
  languageName: node
  linkType: hard

"cloudflare@npm:^2.9.1":
  version: 2.9.1
  resolution: "cloudflare@npm:2.9.1"
  dependencies:
    autocreate: ^1.1.0
    es-class: ^2.1.1
    got: ^6.3.0
    https-proxy-agent: ^5.0.0
    object-assign: ^4.1.0
    should-proxy: ^1.0.4
    url-pattern: ^1.0.3
  checksum: 1e29d2dd88cba688a187623b2796ceff8362840837f6b6b4bcf16c163c2ff62089be1907806f992025ceabcb90efc40a27a4f67a1e95fe13742756f9ae9502bb
  languageName: node
  linkType: hard

"create-error-class@npm:^3.0.0":
  version: 3.0.2
  resolution: "create-error-class@npm:3.0.2"
  dependencies:
    capture-stack-trace: ^1.0.0
  checksum: 7254a6f96002d3226d3c1fec952473398761eb4fb12624c5dce6ed0017cdfad6de39b29aa7139680d7dcf416c25f2f308efda6eb6d9b7123f829b19ef8271511
  languageName: node
  linkType: hard

"create-require@npm:^1.1.0":
  version: 1.1.1
  resolution: "create-require@npm:1.1.1"
  checksum: a9a1503d4390d8b59ad86f4607de7870b39cad43d929813599a23714831e81c520bddf61bcdd1f8e30f05fd3a2b71ae8538e946eb2786dc65c2bbc520f692eff
  languageName: node
  linkType: hard

"debug@npm:4":
  version: 4.3.4
  resolution: "debug@npm:4.3.4"
  dependencies:
    ms: 2.1.2
  peerDependenciesMeta:
    supports-color:
      optional: true
  checksum: 3dbad3f94ea64f34431a9cbf0bafb61853eda57bff2880036153438f50fb5a84f27683ba0d8e5426bf41a8c6ff03879488120cf5b3a761e77953169c0600a708
  languageName: node
  linkType: hard

"diff@npm:^4.0.1":
  version: 4.0.2
  resolution: "diff@npm:4.0.2"
  checksum: f2c09b0ce4e6b301c221addd83bf3f454c0bc00caa3dd837cf6c127d6edf7223aa2bbe3b688feea110b7f262adbfc845b757c44c8a9f8c0c5b15d8fa9ce9d20d
  languageName: node
  linkType: hard

"dns-packet@npm:^5.4.0":
  version: 5.4.0
  resolution: "dns-packet@npm:5.4.0"
  dependencies:
    "@leichtgewicht/ip-codec": ^2.0.1
  checksum: a169963848e8539dfd8a19058562f9e1c15c0f82cbf76fa98942f11c46f3c74e7e7c82e3a8a5182d4c9e6ff19e21be738dbd098a876dde755d3aedd2cc730880
  languageName: node
  linkType: hard

"duplexer3@npm:^0.1.4":
  version: 0.1.5
  resolution: "duplexer3@npm:0.1.5"
  checksum: e677cb4c48f031ca728601d6a20bf6aed4c629d69ef9643cb89c67583d673c4ec9317cc6427501f38bd8c368d3a18f173987cc02bd99d8cf8fe3d94259a22a20
  languageName: node
  linkType: hard

"es-class@npm:^2.1.1":
  version: 2.1.1
  resolution: "es-class@npm:2.1.1"
  checksum: abcd8808d8613ac83e7f507c348879bfb79be6529a6d4c1858a22c81291a3c46f2ad7b661b4cba54ecf912415d43295b5533a7421b259d27734cd0a7668c3fd5
  languageName: node
  linkType: hard

"get-stream@npm:^3.0.0":
  version: 3.0.0
  resolution: "get-stream@npm:3.0.0"
  checksum: 36142f46005ed74ce3a45c55545ec4e7da8e243554179e345a786baf144e5c4a35fb7bdc49fadfa9f18bd08000589b6fe364abdadfc4e1eb0e1b9914a6bb9c56
  languageName: node
  linkType: hard

"got@npm:^6.3.0":
  version: 6.7.1
  resolution: "got@npm:6.7.1"
  dependencies:
    create-error-class: ^3.0.0
    duplexer3: ^0.1.4
    get-stream: ^3.0.0
    is-redirect: ^1.0.0
    is-retry-allowed: ^1.0.0
    is-stream: ^1.0.0
    lowercase-keys: ^1.0.0
    safe-buffer: ^5.0.1
    timed-out: ^4.0.0
    unzip-response: ^2.0.1
    url-parse-lax: ^1.0.0
  checksum: e816306dbd968aa74c6bebcb611797fc08fe84af0f274b3af75d7d6a1f745bdf0dfe9279be0047646038b8b40ac94735d11187be1fb74069831520ae70fbd507
  languageName: node
  linkType: hard

"https-proxy-agent@npm:^5.0.0":
  version: 5.0.1
  resolution: "https-proxy-agent@npm:5.0.1"
  dependencies:
    agent-base: 6
    debug: 4
  checksum: 571fccdf38184f05943e12d37d6ce38197becdd69e58d03f43637f7fa1269cf303a7d228aa27e5b27bbd3af8f09fd938e1c91dcfefff2df7ba77c20ed8dfc765
  languageName: node
  linkType: hard

"ip6@npm:^0.2.10":
  version: 0.2.10
  resolution: "ip6@npm:0.2.10"
  bin:
    ip6: ip6-cli.js
  checksum: e543674fe989f61a3557e923767a358fb936372d1de21c2ee442ecd7138cc18a3ef3eb687bd7fef84b77534836634023341cedb33b54d8058f09a8bc09a983ae
  languageName: node
  linkType: hard

"is-redirect@npm:^1.0.0":
  version: 1.0.0
  resolution: "is-redirect@npm:1.0.0"
  checksum: 25dd3d9943f57ef0f29d28e2d9deda8288e0c7098ddc65abec3364ced9a6491ea06cfaf5110c61fc40ec1fde706b73cee5d171f85278edbf4e409b85725bfea7
  languageName: node
  linkType: hard

"is-retry-allowed@npm:^1.0.0":
  version: 1.2.0
  resolution: "is-retry-allowed@npm:1.2.0"
  checksum: 50d700a89ae31926b1c91b3eb0104dbceeac8790d8b80d02f5c76d9a75c2056f1bb24b5268a8a018dead606bddf116b2262e5ac07401eb8b8783b266ed22558d
  languageName: node
  linkType: hard

"is-stream@npm:^1.0.0":
  version: 1.1.0
  resolution: "is-stream@npm:1.1.0"
  checksum: 063c6bec9d5647aa6d42108d4c59723d2bd4ae42135a2d4db6eadbd49b7ea05b750fd69d279e5c7c45cf9da753ad2c00d8978be354d65aa9f6bb434969c6a2ae
  languageName: node
  linkType: hard

"lowercase-keys@npm:^1.0.0":
  version: 1.0.1
  resolution: "lowercase-keys@npm:1.0.1"
  checksum: 4d045026595936e09953e3867722e309415ff2c80d7701d067546d75ef698dac218a4f53c6d1d0e7368b47e45fd7529df47e6cb56fbb90523ba599f898b3d147
  languageName: node
  linkType: hard

"make-error@npm:^1.1.1":
  version: 1.3.6
  resolution: "make-error@npm:1.3.6"
  checksum: b86e5e0e25f7f777b77fabd8e2cbf15737972869d852a22b7e73c17623928fccb826d8e46b9951501d3f20e51ad74ba8c59ed584f610526a48f8ccf88aaec402
  languageName: node
  linkType: hard

"ms@npm:2.1.2":
  version: 2.1.2
  resolution: "ms@npm:2.1.2"
  checksum: 673cdb2c3133eb050c745908d8ce632ed2c02d85640e2edb3ace856a2266a813b30c613569bf3354fdf4ea7d1a1494add3bfa95e2713baa27d0c2c71fc44f58f
  languageName: node
  linkType: hard

"object-assign@npm:^4.1.0":
  version: 4.1.1
  resolution: "object-assign@npm:4.1.1"
  checksum: fcc6e4ea8c7fe48abfbb552578b1c53e0d194086e2e6bbbf59e0a536381a292f39943c6e9628af05b5528aa5e3318bb30d6b2e53cadaf5b8fe9e12c4b69af23f
  languageName: node
  linkType: hard

"prepend-http@npm:^1.0.1":
  version: 1.0.4
  resolution: "prepend-http@npm:1.0.4"
  checksum: 01e7baf4ad38af02257b99098543469332fc42ae50df33d97a124bf8172295907352fa6138c9b1610c10c6dd0847ca736e53fda736387cc5cf8fcffe96b47f29
  languageName: node
  linkType: hard

"safe-buffer@npm:^5.0.1":
  version: 5.2.1
  resolution: "safe-buffer@npm:5.2.1"
  checksum: b99c4b41fdd67a6aaf280fcd05e9ffb0813654894223afb78a31f14a19ad220bba8aba1cb14eddce1fcfb037155fe6de4e861784eb434f7d11ed58d1e70dd491
  languageName: node
  linkType: hard

"should-proxy@npm:^1.0.4":
  version: 1.0.4
  resolution: "should-proxy@npm:1.0.4"
  checksum: aa4d2e5d3d2c2ef428c0e4fd1ff26fbf1566f0f56f5c3de338fc4bd0676bdfd1e8654a27fbdba68cb7b4fb40002be6b763da4ed3b28684c13fa8cad36ed2d981
  languageName: node
  linkType: hard

"timed-out@npm:^4.0.0":
  version: 4.0.1
  resolution: "timed-out@npm:4.0.1"
  checksum: 98efc5d6fc0d2a329277bd4d34f65c1bf44d9ca2b14fd267495df92898f522e6f563c5e9e467c418e0836f5ca1f47a84ca3ee1de79b1cc6fe433834b7f02ec54
  languageName: node
  linkType: hard

"ts-node@npm:^10.9.1":
  version: 10.9.1
  resolution: "ts-node@npm:10.9.1"
  dependencies:
    "@cspotcode/source-map-support": ^0.8.0
    "@tsconfig/node10": ^1.0.7
    "@tsconfig/node12": ^1.0.7
    "@tsconfig/node14": ^1.0.0
    "@tsconfig/node16": ^1.0.2
    acorn: ^8.4.1
    acorn-walk: ^8.1.1
    arg: ^4.1.0
    create-require: ^1.1.0
    diff: ^4.0.1
    make-error: ^1.1.1
    v8-compile-cache-lib: ^3.0.1
    yn: 3.1.1
  peerDependencies:
    "@swc/core": ">=1.2.50"
    "@swc/wasm": ">=1.2.50"
    "@types/node": "*"
    typescript: ">=2.7"
  peerDependenciesMeta:
    "@swc/core":
      optional: true
    "@swc/wasm":
      optional: true
  bin:
    ts-node: dist/bin.js
    ts-node-cwd: dist/bin-cwd.js
    ts-node-esm: dist/bin-esm.js
    ts-node-script: dist/bin-script.js
    ts-node-transpile-only: dist/bin-transpile.js
    ts-script: dist/bin-script-deprecated.js
  checksum: 090adff1302ab20bd3486e6b4799e90f97726ed39e02b39e566f8ab674fd5bd5f727f43615debbfc580d33c6d9d1c6b1b3ce7d8e3cca3e20530a145ffa232c35
  languageName: node
  linkType: hard

"tsc@npm:^2.0.4":
  version: 2.0.4
  resolution: "tsc@npm:2.0.4"
  bin:
    tsc: bin/tsc
  checksum: 50b10240887424c66454687f0fca4e319713b35cb44f0dab228719eb4dd757251f83c3d79e60d29dfbe90c2d6f1272f793b83e75a9fca2c622b4213ad3eb8cb1
  languageName: node
  linkType: hard

"typescript@npm:^4.9.4":
  version: 4.9.4
  resolution: "typescript@npm:4.9.4"
  bin:
    tsc: bin/tsc
    tsserver: bin/tsserver
  checksum: e782fb9e0031cb258a80000f6c13530288c6d63f1177ed43f770533fdc15740d271554cdae86701c1dd2c83b082cea808b07e97fd68b38a172a83dbf9e0d0ef9
  languageName: node
  linkType: hard

"typescript@patch:typescript@^4.9.4#~builtin<compat/typescript>":
  version: 4.9.4
  resolution: "typescript@patch:typescript@npm%3A4.9.4#~builtin<compat/typescript>::version=4.9.4&hash=ad5954"
  bin:
    tsc: bin/tsc
    tsserver: bin/tsserver
  checksum: 1caaea6cb7f813e64345190fddc4e6c924d0b698ab81189b503763c4a18f7f5501c69362979d36e19c042d89d936443e768a78b0675690b35eb663d19e0eae71
  languageName: node
  linkType: hard

"unzip-response@npm:^2.0.1":
  version: 2.0.1
  resolution: "unzip-response@npm:2.0.1"
  checksum: 433aa4869a82c0e2bf2896dce8072b723511023515ba97155759efeea7c0e4db8ecfee2fcc0babf168545c2be613aed205d5237423c249d77d0f5327a842c20d
  languageName: node
  linkType: hard

"url-parse-lax@npm:^1.0.0":
  version: 1.0.0
  resolution: "url-parse-lax@npm:1.0.0"
  dependencies:
    prepend-http: ^1.0.1
  checksum: 03316acff753845329652258c16d1688765ee34f7d242a94dadf9ff6e43ea567ec062cec7aa27c37f76f2c57f95e0660695afff32fb97b527591c7340a3090fa
  languageName: node
  linkType: hard

"url-pattern@npm:^1.0.3":
  version: 1.0.3
  resolution: "url-pattern@npm:1.0.3"
  checksum: 7f4c57707240f0eb18f4654c4206b8669de037594beb86abd090d4e3dacd4751fcb3a04e271a74cbbe2124bc573e857d8c0588c4accb17da03a62082a58559fc
  languageName: node
  linkType: hard

"v8-compile-cache-lib@npm:^3.0.1":
  version: 3.0.1
  resolution: "v8-compile-cache-lib@npm:3.0.1"
  checksum: 78089ad549e21bcdbfca10c08850022b22024cdcc2da9b168bcf5a73a6ed7bf01a9cebb9eac28e03cd23a684d81e0502797e88f3ccd27a32aeab1cfc44c39da0
  languageName: node
  linkType: hard

"yaml@npm:^2.2.1":
  version: 2.2.1
  resolution: "yaml@npm:2.2.1"
  checksum: 84f68cbe462d5da4e7ded4a8bded949ffa912bc264472e5a684c3d45b22d8f73a3019963a32164023bdf3d83cfb6f5b58ff7b2b10ef5b717c630f40bd6369a23
  languageName: node
  linkType: hard

"yn@npm:3.1.1":
  version: 3.1.1
  resolution: "yn@npm:3.1.1"
  checksum: 2c487b0e149e746ef48cda9f8bad10fc83693cd69d7f9dcd8be4214e985de33a29c9e24f3c0d6bcf2288427040a8947406ab27f7af67ee9456e6b84854f02dd6
  languageName: node
  linkType: hard
